
Microsoft Visual Studio Solution File, Format Version 12.00
# Visual Studio Version 16
VisualStudioVersion = 16.0.29230.47
MinimumVisualStudioVersion = 10.0.40219.1
Project("{FAE04EC0-301F-11D3-BF4B-00C04F79EFBC}") = "28.04.2020", "28.04.2020\28.04.2020.csproj", "{46928049-7AD5-45A7-88A9-13ED2AE70F4A}"
EndProject
Global
	GlobalSection(SolutionConfigurationPlatforms) = preSolution
		Debug|Any CPU = Debug|Any CPU
		Release|Any CPU = Release|Any CPU
	EndGlobalSection
	GlobalSection(ProjectConfigurationPlatforms) = postSolution
		{46928049-7AD5-45A7-88A9-13ED2AE70F4A}.Debug|Any CPU.ActiveCfg = Debug|Any CPU
		{46928049-7AD5-45A7-88A9-13ED2AE70F4A}.Debug|Any CPU.Build.0 = Debug|Any CPU
		{46928049-7AD5-45A7-88A9-13ED2AE70F4A}.Release|Any CPU.ActiveCfg = Release|Any CPU
		{46928049-7AD5-45A7-88A9-13ED2AE70F4A}.Release|Any CPU.Build.0 = Release|Any CPU
	EndGlobalSection
	GlobalSection(SolutionProperties) = preSolution
		HideSolutionNode = FALSE
	EndGlobalSection
	GlobalSection(ExtensibilityGlobals) = postSolution
		SolutionGuid = {BF04A970-C648-47B9-8806-58D0C2631FAF}
	EndGlobalSection
EndGlobal
