
Microsoft Visual Studio Solution File, Format Version 12.00
# Visual Studio Version 16
VisualStudioVersion = 16.0.29230.47
MinimumVisualStudioVersion = 10.0.40219.1
Project("{FAE04EC0-301F-11D3-BF4B-00C04F79EFBC}") = "30.04.2020(2)", "30.04.2020(2)\30.04.2020(2).csproj", "{B490A7ED-AE49-454B-AB25-B36A3532D593}"
EndProject
Global
	GlobalSection(SolutionConfigurationPlatforms) = preSolution
		Debug|Any CPU = Debug|Any CPU
		Release|Any CPU = Release|Any CPU
	EndGlobalSection
	GlobalSection(ProjectConfigurationPlatforms) = postSolution
		{B490A7ED-AE49-454B-AB25-B36A3532D593}.Debug|Any CPU.ActiveCfg = Debug|Any CPU
		{B490A7ED-AE49-454B-AB25-B36A3532D593}.Debug|Any CPU.Build.0 = Debug|Any CPU
		{B490A7ED-AE49-454B-AB25-B36A3532D593}.Release|Any CPU.ActiveCfg = Release|Any CPU
		{B490A7ED-AE49-454B-AB25-B36A3532D593}.Release|Any CPU.Build.0 = Release|Any CPU
	EndGlobalSection
	GlobalSection(SolutionProperties) = preSolution
		HideSolutionNode = FALSE
	EndGlobalSection
	GlobalSection(ExtensibilityGlobals) = postSolution
		SolutionGuid = {7FFE0D16-1689-4EB5-82D7-DCCE10490FB5}
	EndGlobalSection
EndGlobal
