
Microsoft Visual Studio Solution File, Format Version 12.00
# Visual Studio Version 16
VisualStudioVersion = 16.0.29230.47
MinimumVisualStudioVersion = 10.0.40219.1
Project("{FAE04EC0-301F-11D3-BF4B-00C04F79EFBC}") = "ConsoleApp7", "ConsoleApp7\ConsoleApp7.csproj", "{DC356CAB-039A-4636-8B44-108634191F26}"
EndProject
Global
	GlobalSection(SolutionConfigurationPlatforms) = preSolution
		Debug|Any CPU = Debug|Any CPU
		Release|Any CPU = Release|Any CPU
	EndGlobalSection
	GlobalSection(ProjectConfigurationPlatforms) = postSolution
		{DC356CAB-039A-4636-8B44-108634191F26}.Debug|Any CPU.ActiveCfg = Debug|Any CPU
		{DC356CAB-039A-4636-8B44-108634191F26}.Debug|Any CPU.Build.0 = Debug|Any CPU
		{DC356CAB-039A-4636-8B44-108634191F26}.Release|Any CPU.ActiveCfg = Release|Any CPU
		{DC356CAB-039A-4636-8B44-108634191F26}.Release|Any CPU.Build.0 = Release|Any CPU
	EndGlobalSection
	GlobalSection(SolutionProperties) = preSolution
		HideSolutionNode = FALSE
	EndGlobalSection
	GlobalSection(ExtensibilityGlobals) = postSolution
		SolutionGuid = {B4601552-9D6F-443F-B356-2758DCB0C8D5}
	EndGlobalSection
EndGlobal
