
Microsoft Visual Studio Solution File, Format Version 12.00
# Visual Studio Version 16
VisualStudioVersion = 16.0.29230.47
MinimumVisualStudioVersion = 10.0.40219.1
Project("{FAE04EC0-301F-11D3-BF4B-00C04F79EFBC}") = "27.04.2020(2)", "27.04.2020(2)\27.04.2020(2).csproj", "{A8A3BF06-64B0-43EF-B490-97CB60CA27E7}"
EndProject
Global
	GlobalSection(SolutionConfigurationPlatforms) = preSolution
		Debug|Any CPU = Debug|Any CPU
		Release|Any CPU = Release|Any CPU
	EndGlobalSection
	GlobalSection(ProjectConfigurationPlatforms) = postSolution
		{A8A3BF06-64B0-43EF-B490-97CB60CA27E7}.Debug|Any CPU.ActiveCfg = Debug|Any CPU
		{A8A3BF06-64B0-43EF-B490-97CB60CA27E7}.Debug|Any CPU.Build.0 = Debug|Any CPU
		{A8A3BF06-64B0-43EF-B490-97CB60CA27E7}.Release|Any CPU.ActiveCfg = Release|Any CPU
		{A8A3BF06-64B0-43EF-B490-97CB60CA27E7}.Release|Any CPU.Build.0 = Release|Any CPU
	EndGlobalSection
	GlobalSection(SolutionProperties) = preSolution
		HideSolutionNode = FALSE
	EndGlobalSection
	GlobalSection(ExtensibilityGlobals) = postSolution
		SolutionGuid = {5AB1A789-DD00-4A8A-8577-3A888A0127AA}
	EndGlobalSection
EndGlobal
